
Microsoft Visual Studio Solution File, Format Version 12.00
# Visual Studio Version 17
VisualStudioVersion = 17.0.31912.275
MinimumVisualStudioVersion = 10.0.40219.1
Project("{FAE04EC0-301F-11D3-BF4B-00C04F79EFBC}") = "UnitTestProject2", "UnitTestProject2\UnitTestProject2.csproj", "{7BAB5CEF-6649-447D-B5EE-C170B6502602}"
	ProjectSection(ProjectDependencies) = postProject
		{59F2760C-4CB0-4CC8-BFDA-747429D96CD7} = {59F2760C-4CB0-4CC8-BFDA-747429D96CD7}
	EndProjectSection
EndProject
Project("{9A19103F-16F7-4668-BE54-9A1E7A4F7556}") = "ConsoleApp3", "..\ConsoleApp3\ConsoleApp3\ConsoleApp3.csproj", "{59F2760C-4CB0-4CC8-BFDA-747429D96CD7}"
EndProject
Global
	GlobalSection(SolutionConfigurationPlatforms) = preSolution
		Debug|Any CPU = Debug|Any CPU
		Release|Any CPU = Release|Any CPU
	EndGlobalSection
	GlobalSection(ProjectConfigurationPlatforms) = postSolution
		{7BAB5CEF-6649-447D-B5EE-C170B6502602}.Debug|Any CPU.ActiveCfg = Debug|Any CPU
		{7BAB5CEF-6649-447D-B5EE-C170B6502602}.Debug|Any CPU.Build.0 = Debug|Any CPU
		{7BAB5CEF-6649-447D-B5EE-C170B6502602}.Release|Any CPU.ActiveCfg = Release|Any CPU
		{7BAB5CEF-6649-447D-B5EE-C170B6502602}.Release|Any CPU.Build.0 = Release|Any CPU
		{59F2760C-4CB0-4CC8-BFDA-747429D96CD7}.Debug|Any CPU.ActiveCfg = Debug|Any CPU
		{59F2760C-4CB0-4CC8-BFDA-747429D96CD7}.Debug|Any CPU.Build.0 = Debug|Any CPU
		{59F2760C-4CB0-4CC8-BFDA-747429D96CD7}.Release|Any CPU.ActiveCfg = Release|Any CPU
		{59F2760C-4CB0-4CC8-BFDA-747429D96CD7}.Release|Any CPU.Build.0 = Release|Any CPU
	EndGlobalSection
	GlobalSection(SolutionProperties) = preSolution
		HideSolutionNode = FALSE
	EndGlobalSection
	GlobalSection(ExtensibilityGlobals) = postSolution
		SolutionGuid = {E263A8A7-C82C-46A5-AF62-EB640ACD6F6B}
	EndGlobalSection
EndGlobal
